{
  "requires": true,
  "lockfileVersion": 1,
  "dependencies": {
    "@nichoth/events": {
      "version": "1.1.2",
      "resolved": "https://registry.npmjs.org/@nichoth/events/-/events-1.1.2.tgz",
      "integrity": "sha512-DAE3kxwmhqPfrOgjVPC+BNVrbQSCRZprcvLNWb+/FBTSFhg2euFlOyPJnFb+GkTiZmM0DDsGhaSAyYbiS7nyug==",
      "requires": {
        "curry": "^1.2.0",
        "inherits": "^2.0.3",
        "nanobus": "^4.3.1",
        "xtend": "^4.0.1"
      }
    },
    "catch-links": {
      "version": "2.0.1",
      "resolved": "https://registry.npmjs.org/catch-links/-/catch-links-2.0.1.tgz",
      "integrity": "sha1-7Xp4q+s/Sz063qO1u/nvnCT+So0="
    },
    "curry": {
      "version": "1.2.0",
      "resolved": "https://registry.npmjs.org/curry/-/curry-1.2.0.tgz",
      "integrity": "sha1-nm3SiVSNun5lPVrj/pA/59+zOvI="
    },
    "inherits": {
      "version": "2.0.4",
      "resolved": "https://registry.npmjs.org/inherits/-/inherits-2.0.4.tgz",
      "integrity": "sha512-k/vGaX4/Yla3WzyMCvTQOXYeIHvqOKtnqBduzTHpzpQZzAskKMhZ2K+EnBiSM9zGSoIFeMpXKxa4dYeZIQqewQ=="
    },
    "nanoassert": {
      "version": "1.1.0",
      "resolved": "https://registry.npmjs.org/nanoassert/-/nanoassert-1.1.0.tgz",
      "integrity": "sha1-TzFS4JVA/eKMdvRLGbvNHVpCR40="
    },
    "nanobus": {
      "version": "4.4.0",
      "resolved": "https://registry.npmjs.org/nanobus/-/nanobus-4.4.0.tgz",
      "integrity": "sha512-Hv9USGyH8EsPy0o8pPWE7x3YRIfuZDgMBirzjU6XLebhiSK2g53JlfqgolD0c39ne6wXAfaBNcIAvYe22Bav+Q==",
      "requires": {
        "nanoassert": "^1.1.0",
        "nanotiming": "^7.2.0",
        "remove-array-items": "^1.0.0"
      }
    },
    "nanoscheduler": {
      "version": "1.0.3",
      "resolved": "https://registry.npmjs.org/nanoscheduler/-/nanoscheduler-1.0.3.tgz",
      "integrity": "sha512-jBbrF3qdU9321r8n9X7yu18DjP31Do2ItJm3mWrt90wJTrnDO+HXpoV7ftaUglAtjgj9s+OaCxGufbvx6pvbEQ==",
      "requires": {
        "nanoassert": "^1.1.0"
      }
    },
    "nanotiming": {
      "version": "7.3.1",
      "resolved": "https://registry.npmjs.org/nanotiming/-/nanotiming-7.3.1.tgz",
      "integrity": "sha512-l3lC7v/PfOuRWQa8vV29Jo6TG10wHtnthLElFXs4Te4Aas57Fo4n1Q8LH9n+NDh9riOzTVvb2QNBhTS4JUKNjw==",
      "requires": {
        "nanoassert": "^1.1.0",
        "nanoscheduler": "^1.0.2"
      }
    },
    "observ": {
      "version": "0.2.0",
      "resolved": "https://registry.npmjs.org/observ/-/observ-0.2.0.tgz",
      "integrity": "sha1-C8ObPin6pfnmyqWQbLg5LfQAqmg="
    },
    "observ-struct": {
      "version": "6.0.0",
      "resolved": "https://registry.npmjs.org/observ-struct/-/observ-struct-6.0.0.tgz",
      "integrity": "sha1-To1UrCSfn7zbbkOkDR++faI6vxs=",
      "requires": {
        "observ": "~0.2.0",
        "xtend": "^3.0.0"
      },
      "dependencies": {
        "xtend": {
          "version": "3.0.0",
          "resolved": "https://registry.npmjs.org/xtend/-/xtend-3.0.0.tgz",
          "integrity": "sha1-XM50B7r2Qsunvs2laBEcST9ZZlo="
        }
      }
    },
    "remove-array-items": {
      "version": "1.1.1",
      "resolved": "https://registry.npmjs.org/remove-array-items/-/remove-array-items-1.1.1.tgz",
      "integrity": "sha512-MXW/jtHyl5F1PZI7NbpS8SOtympdLuF20aoWJT5lELR1p/HJDd5nqW8Eu9uLh/hCRY3FgvrIT5AwDCgBODklcA=="
    },
    "route-event": {
      "version": "3.1.0",
      "resolved": "https://registry.npmjs.org/route-event/-/route-event-3.1.0.tgz",
      "integrity": "sha512-whwoqiPZTU1jOFPHK19FxMs3lGIC06N4Nl/QELCCKCbZQKW8ytBLgqv/B4kJETGxfmPzhoAKZVR/EB06SJ5Krg==",
      "requires": {
        "catch-links": "^2.0.0",
        "single-page": "https://github.com/nichoth/single-page/tarball/master"
      },
      "dependencies": {
        "single-page": {
          "version": "https://github.com/nichoth/single-page/tarball/master",
          "integrity": "sha512-o5CzlvzMmvXPZtNzRyQUorlvL6v35EXMDllzxQbg3uMgShDrJN4K8J+jVGZFs0kYTALo0MBowOVF485JRFhvhQ=="
        }
      }
    },
    "single-page": {
      "version": "1.1.0",
      "resolved": "https://registry.npmjs.org/single-page/-/single-page-1.1.0.tgz",
      "integrity": "sha1-QAVWesCu9zzllIe6PjVzmnapqCA="
    },
    "xtend": {
      "version": "4.0.2",
      "resolved": "https://registry.npmjs.org/xtend/-/xtend-4.0.2.tgz",
      "integrity": "sha512-LKYU1iAXJXUgAXn9URjiu+MWhyUXHsvfp7mcuYm9dSUKK0/CjtrUwFAxD82/mCWbtLsGjFIad0wIsod4zrTAEQ=="
    }
  }
}
